
Microsoft Visual Studio Solution File, Format Version 12.00
# Visual Studio Version 16
VisualStudioVersion = 16.0.29215.179
MinimumVisualStudioVersion = 10.0.40219.1
Project("{FAE04EC0-301F-11D3-BF4B-00C04F79EFBC}") = "ProgramaBusquedaBinaria", "ProgramaBusquedaBinaria\ProgramaBusquedaBinaria.csproj", "{34EB03EE-443F-473D-B13F-3076211BBBCA}"
EndProject
Global
	GlobalSection(SolutionConfigurationPlatforms) = preSolution
		Debug|Any CPU = Debug|Any CPU
		Release|Any CPU = Release|Any CPU
	EndGlobalSection
	GlobalSection(ProjectConfigurationPlatforms) = postSolution
		{34EB03EE-443F-473D-B13F-3076211BBBCA}.Debug|Any CPU.ActiveCfg = Debug|Any CPU
		{34EB03EE-443F-473D-B13F-3076211BBBCA}.Debug|Any CPU.Build.0 = Debug|Any CPU
		{34EB03EE-443F-473D-B13F-3076211BBBCA}.Release|Any CPU.ActiveCfg = Release|Any CPU
		{34EB03EE-443F-473D-B13F-3076211BBBCA}.Release|Any CPU.Build.0 = Release|Any CPU
	EndGlobalSection
	GlobalSection(SolutionProperties) = preSolution
		HideSolutionNode = FALSE
	EndGlobalSection
	GlobalSection(ExtensibilityGlobals) = postSolution
		SolutionGuid = {A0D3E9F7-FB98-4353-8437-15F01440C091}
	EndGlobalSection
EndGlobal
