
Microsoft Visual Studio Solution File, Format Version 12.00
# Visual Studio Version 16
VisualStudioVersion = 16.0.29709.97
MinimumVisualStudioVersion = 10.0.40219.1
Project("{FAE04EC0-301F-11D3-BF4B-00C04F79EFBC}") = "SumaNumerosNaturalesRecursiva", "SumaNumerosNaturalesRecursiva.csproj", "{8BE50BA9-045E-4011-ABFE-B0A09B947562}"
EndProject
Global
	GlobalSection(SolutionConfigurationPlatforms) = preSolution
		Debug|Any CPU = Debug|Any CPU
		Release|Any CPU = Release|Any CPU
	EndGlobalSection
	GlobalSection(ProjectConfigurationPlatforms) = postSolution
		{8BE50BA9-045E-4011-ABFE-B0A09B947562}.Debug|Any CPU.ActiveCfg = Debug|Any CPU
		{8BE50BA9-045E-4011-ABFE-B0A09B947562}.Debug|Any CPU.Build.0 = Debug|Any CPU
		{8BE50BA9-045E-4011-ABFE-B0A09B947562}.Release|Any CPU.ActiveCfg = Release|Any CPU
		{8BE50BA9-045E-4011-ABFE-B0A09B947562}.Release|Any CPU.Build.0 = Release|Any CPU
	EndGlobalSection
	GlobalSection(SolutionProperties) = preSolution
		HideSolutionNode = FALSE
	EndGlobalSection
	GlobalSection(ExtensibilityGlobals) = postSolution
		SolutionGuid = {8AC7F339-76AA-461E-9A70-774C37D8141E}
	EndGlobalSection
EndGlobal
